
Microsoft Visual Studio Solution File, Format Version 12.00
# Visual Studio 15
VisualStudioVersion = 15.0.27004.2005
MinimumVisualStudioVersion = 10.0.40219.1
Project("{9A19103F-16F7-4668-BE54-9A1E7A4F7556}") = "WebApiCore", "WebApiCore\WebApiCore.csproj", "{0E153E2B-DF47-422D-BC86-08766301D9B0}"
EndProject
Project("{FAE04EC0-301F-11D3-BF4B-00C04F79EFBC}") = "WebApiCore.Tests", "WebApiCore.Tests\WebApiCore.Tests.csproj", "{52BAE808-8C36-45E2-926B-EF6D1665F60A}"
EndProject
Global
	GlobalSection(SolutionConfigurationPlatforms) = preSolution
		Debug|Any CPU = Debug|Any CPU
		Release|Any CPU = Release|Any CPU
	EndGlobalSection
	GlobalSection(ProjectConfigurationPlatforms) = postSolution
		{0E153E2B-DF47-422D-BC86-08766301D9B0}.Debug|Any CPU.ActiveCfg = Debug|Any CPU
		{0E153E2B-DF47-422D-BC86-08766301D9B0}.Debug|Any CPU.Build.0 = Debug|Any CPU
		{0E153E2B-DF47-422D-BC86-08766301D9B0}.Release|Any CPU.ActiveCfg = Release|Any CPU
		{0E153E2B-DF47-422D-BC86-08766301D9B0}.Release|Any CPU.Build.0 = Release|Any CPU
		{52BAE808-8C36-45E2-926B-EF6D1665F60A}.Debug|Any CPU.ActiveCfg = Debug|Any CPU
		{52BAE808-8C36-45E2-926B-EF6D1665F60A}.Debug|Any CPU.Build.0 = Debug|Any CPU
		{52BAE808-8C36-45E2-926B-EF6D1665F60A}.Release|Any CPU.ActiveCfg = Release|Any CPU
		{52BAE808-8C36-45E2-926B-EF6D1665F60A}.Release|Any CPU.Build.0 = Release|Any CPU
	EndGlobalSection
	GlobalSection(SolutionProperties) = preSolution
		HideSolutionNode = FALSE
	EndGlobalSection
	GlobalSection(ExtensibilityGlobals) = postSolution
		SolutionGuid = {3A7FC485-2B8F-418F-8C47-A710C4D66A44}
	EndGlobalSection
EndGlobal
